
Microsoft Visual Studio Solution File, Format Version 12.00
# Visual Studio Version 16
VisualStudioVersion = 25.0.1700.0
MinimumVisualStudioVersion = 10.0.40219.1
Project("{FAE04EC0-301F-11D3-BF4B-00C04F79EFBC}") = "ASP_ITStep", "ASP_ITStep\ASP_ITStep.csproj", "{60AF33FE-8005-478A-BF02-02720E825DFD}"
EndProject
Global
	GlobalSection(SolutionConfigurationPlatforms) = preSolution
		Debug|Any CPU = Debug|Any CPU
		Release|Any CPU = Release|Any CPU
	EndGlobalSection
	GlobalSection(ProjectConfigurationPlatforms) = postSolution
		{60AF33FE-8005-478A-BF02-02720E825DFD}.Debug|Any CPU.ActiveCfg = Debug|Any CPU
		{60AF33FE-8005-478A-BF02-02720E825DFD}.Debug|Any CPU.Build.0 = Debug|Any CPU
		{60AF33FE-8005-478A-BF02-02720E825DFD}.Release|Any CPU.ActiveCfg = Release|Any CPU
		{60AF33FE-8005-478A-BF02-02720E825DFD}.Release|Any CPU.Build.0 = Release|Any CPU
	EndGlobalSection
	GlobalSection(SolutionProperties) = preSolution
		HideSolutionNode = FALSE
	EndGlobalSection
	GlobalSection(ExtensibilityGlobals) = postSolution
		SolutionGuid = {A149C81F-9BFC-4C51-AC04-4CADF85285AE}
	EndGlobalSection
EndGlobal
